
Microsoft Visual Studio Solution File, Format Version 12.00
# Visual Studio Version 17
VisualStudioVersion = 17.8.34525.116
MinimumVisualStudioVersion = 10.0.40219.1
Project("{8BC9CEB8-8B4A-11D0-8D11-00A0C91BC942}") = "Polynomial1", "Polynomial1\Polynomial1.vcxproj", "{BA4C452F-7FF1-4109-B145-BBA74C8AA156}"
EndProject
Project("{8BC9CEB8-8B4A-11D0-8D11-00A0C91BC942}") = "Polynomial2", "Polynomial2\Polynomial2.vcxproj", "{58429446-DBE2-4AE6-B434-4C55F79A64E9}"
EndProject
Global
	GlobalSection(SolutionConfigurationPlatforms) = preSolution
		Debug|x64 = Debug|x64
		Debug|x86 = Debug|x86
		Release|x64 = Release|x64
		Release|x86 = Release|x86
	EndGlobalSection
	GlobalSection(ProjectConfigurationPlatforms) = postSolution
		{BA4C452F-7FF1-4109-B145-BBA74C8AA156}.Debug|x64.ActiveCfg = Debug|x64
		{BA4C452F-7FF1-4109-B145-BBA74C8AA156}.Debug|x64.Build.0 = Debug|x64
		{BA4C452F-7FF1-4109-B145-BBA74C8AA156}.Debug|x86.ActiveCfg = Debug|Win32
		{BA4C452F-7FF1-4109-B145-BBA74C8AA156}.Debug|x86.Build.0 = Debug|Win32
		{BA4C452F-7FF1-4109-B145-BBA74C8AA156}.Release|x64.ActiveCfg = Release|x64
		{BA4C452F-7FF1-4109-B145-BBA74C8AA156}.Release|x64.Build.0 = Release|x64
		{BA4C452F-7FF1-4109-B145-BBA74C8AA156}.Release|x86.ActiveCfg = Release|Win32
		{BA4C452F-7FF1-4109-B145-BBA74C8AA156}.Release|x86.Build.0 = Release|Win32
		{58429446-DBE2-4AE6-B434-4C55F79A64E9}.Debug|x64.ActiveCfg = Debug|x64
		{58429446-DBE2-4AE6-B434-4C55F79A64E9}.Debug|x64.Build.0 = Debug|x64
		{58429446-DBE2-4AE6-B434-4C55F79A64E9}.Debug|x86.ActiveCfg = Debug|Win32
		{58429446-DBE2-4AE6-B434-4C55F79A64E9}.Debug|x86.Build.0 = Debug|Win32
		{58429446-DBE2-4AE6-B434-4C55F79A64E9}.Release|x64.ActiveCfg = Release|x64
		{58429446-DBE2-4AE6-B434-4C55F79A64E9}.Release|x64.Build.0 = Release|x64
		{58429446-DBE2-4AE6-B434-4C55F79A64E9}.Release|x86.ActiveCfg = Release|Win32
		{58429446-DBE2-4AE6-B434-4C55F79A64E9}.Release|x86.Build.0 = Release|Win32
	EndGlobalSection
	GlobalSection(SolutionProperties) = preSolution
		HideSolutionNode = FALSE
	EndGlobalSection
	GlobalSection(ExtensibilityGlobals) = postSolution
		SolutionGuid = {3104848C-93E2-4B9D-B361-7120FC4592B2}
	EndGlobalSection
EndGlobal
