
Microsoft Visual Studio Solution File, Format Version 12.00
# Visual Studio Version 17
VisualStudioVersion = 17.8.34525.116
MinimumVisualStudioVersion = 10.0.40219.1
Project("{8BC9CEB8-8B4A-11D0-8D11-00A0C91BC942}") = "GraphAdjacentMatrix", "GraphAdjacentMatrix\GraphAdjacentMatrix.vcxproj", "{33920B32-FCB2-4BAC-9CFD-62FFBAB06D55}"
EndProject
Project("{8BC9CEB8-8B4A-11D0-8D11-00A0C91BC942}") = "DFS", "DFS\DFS.vcxproj", "{69A81C41-9117-456B-B7F1-3F149194D790}"
EndProject
Project("{8BC9CEB8-8B4A-11D0-8D11-00A0C91BC942}") = "BFS", "BFS\BFS.vcxproj", "{57C2F3EB-7958-41E8-9390-85B626D32757}"
EndProject
Global
	GlobalSection(SolutionConfigurationPlatforms) = preSolution
		Debug|x64 = Debug|x64
		Debug|x86 = Debug|x86
		Release|x64 = Release|x64
		Release|x86 = Release|x86
	EndGlobalSection
	GlobalSection(ProjectConfigurationPlatforms) = postSolution
		{33920B32-FCB2-4BAC-9CFD-62FFBAB06D55}.Debug|x64.ActiveCfg = Debug|x64
		{33920B32-FCB2-4BAC-9CFD-62FFBAB06D55}.Debug|x64.Build.0 = Debug|x64
		{33920B32-FCB2-4BAC-9CFD-62FFBAB06D55}.Debug|x86.ActiveCfg = Debug|Win32
		{33920B32-FCB2-4BAC-9CFD-62FFBAB06D55}.Debug|x86.Build.0 = Debug|Win32
		{33920B32-FCB2-4BAC-9CFD-62FFBAB06D55}.Release|x64.ActiveCfg = Release|x64
		{33920B32-FCB2-4BAC-9CFD-62FFBAB06D55}.Release|x64.Build.0 = Release|x64
		{33920B32-FCB2-4BAC-9CFD-62FFBAB06D55}.Release|x86.ActiveCfg = Release|Win32
		{33920B32-FCB2-4BAC-9CFD-62FFBAB06D55}.Release|x86.Build.0 = Release|Win32
		{69A81C41-9117-456B-B7F1-3F149194D790}.Debug|x64.ActiveCfg = Debug|x64
		{69A81C41-9117-456B-B7F1-3F149194D790}.Debug|x64.Build.0 = Debug|x64
		{69A81C41-9117-456B-B7F1-3F149194D790}.Debug|x86.ActiveCfg = Debug|Win32
		{69A81C41-9117-456B-B7F1-3F149194D790}.Debug|x86.Build.0 = Debug|Win32
		{69A81C41-9117-456B-B7F1-3F149194D790}.Release|x64.ActiveCfg = Release|x64
		{69A81C41-9117-456B-B7F1-3F149194D790}.Release|x64.Build.0 = Release|x64
		{69A81C41-9117-456B-B7F1-3F149194D790}.Release|x86.ActiveCfg = Release|Win32
		{69A81C41-9117-456B-B7F1-3F149194D790}.Release|x86.Build.0 = Release|Win32
		{57C2F3EB-7958-41E8-9390-85B626D32757}.Debug|x64.ActiveCfg = Debug|x64
		{57C2F3EB-7958-41E8-9390-85B626D32757}.Debug|x64.Build.0 = Debug|x64
		{57C2F3EB-7958-41E8-9390-85B626D32757}.Debug|x86.ActiveCfg = Debug|Win32
		{57C2F3EB-7958-41E8-9390-85B626D32757}.Debug|x86.Build.0 = Debug|Win32
		{57C2F3EB-7958-41E8-9390-85B626D32757}.Release|x64.ActiveCfg = Release|x64
		{57C2F3EB-7958-41E8-9390-85B626D32757}.Release|x64.Build.0 = Release|x64
		{57C2F3EB-7958-41E8-9390-85B626D32757}.Release|x86.ActiveCfg = Release|Win32
		{57C2F3EB-7958-41E8-9390-85B626D32757}.Release|x86.Build.0 = Release|Win32
	EndGlobalSection
	GlobalSection(SolutionProperties) = preSolution
		HideSolutionNode = FALSE
	EndGlobalSection
	GlobalSection(ExtensibilityGlobals) = postSolution
		SolutionGuid = {1AB3923C-3AD4-406A-B60B-AF402FCCFF35}
	EndGlobalSection
EndGlobal
